// !$*UTF8*$!
{
	archiveVersion = 1;
	classes = {
	};
	objectVersion = 50;
	objects = {

/* Begin PBXBuildFile section */
		4861F0F821DF971F0060E571 /* AppDelegate.m in Sources */ = {isa = PBXBuildFile; fileRef = 4861F0F721DF971F0060E571 /* AppDelegate.m */; };
		4861F0FB21DF971F0060E571 /* ViewController.m in Sources */ = {isa = PBXBuildFile; fileRef = 4861F0FA21DF971F0060E571 /* ViewController.m */; };
		4861F0FE21DF971F0060E571 /* Main.storyboard in Resources */ = {isa = PBXBuildFile; fileRef = 4861F0FC21DF971F0060E571 /* Main.storyboard */; };
		4861F10021DF972B0060E571 /* Assets.xcassets in Resources */ = {isa = PBXBuildFile; fileRef = 4861F0FF21DF972B0060E571 /* Assets.xcassets */; };
		4861F10321DF972B0060E571 /* LaunchScreen.storyboard in Resources */ = {isa = PBXBuildFile; fileRef = 4861F10121DF972B0060E571 /* LaunchScreen.storyboard */; };
		4861F10621DF972C0060E571 /* main.m in Sources */ = {isa = PBXBuildFile; fileRef = 4861F10521DF972C0060E571 /* main.m */; };
		4861F10F21DF97580060E571 /* CreateViewController.m in Sources */ = {isa = PBXBuildFile; fileRef = 4861F10D21DF97580060E571 /* CreateViewController.m */; };
		4861F11021DF97580060E571 /* CreateViewController.xib in Resources */ = {isa = PBXBuildFile; fileRef = 4861F10E21DF97580060E571 /* CreateViewController.xib */; };
		4861F11421DFB9F50060E571 /* CreateTableViewCell.m in Sources */ = {isa = PBXBuildFile; fileRef = 4861F11221DFB9F50060E571 /* CreateTableViewCell.m */; };
		4861F11521DFB9F50060E571 /* CreateTableViewCell.xib in Resources */ = {isa = PBXBuildFile; fileRef = 4861F11321DFB9F50060E571 /* CreateTableViewCell.xib */; };
		4861F11921DFBAB40060E571 /* CheckViewController.m in Sources */ = {isa = PBXBuildFile; fileRef = 4861F11721DFBAB40060E571 /* CheckViewController.m */; };
		4861F11A21DFBAB40060E571 /* CheckViewController.xib in Resources */ = {isa = PBXBuildFile; fileRef = 4861F11821DFBAB40060E571 /* CheckViewController.xib */; };
		4861F11D21E1889F0060E571 /* RSheetPicker.m in Sources */ = {isa = PBXBuildFile; fileRef = 4861F11B21E1889E0060E571 /* RSheetPicker.m */; };
		4861F11F21E18BE80060E571 /* area.txt in Resources */ = {isa = PBXBuildFile; fileRef = 4861F11E21E18BE80060E571 /* area.txt */; };
		4861F12221E18CC20060E571 /* CreateModel.m in Sources */ = {isa = PBXBuildFile; fileRef = 4861F12121E18CC20060E571 /* CreateModel.m */; };
		4861F12B21E484870060E571 /* CDPDatePicker.m in Sources */ = {isa = PBXBuildFile; fileRef = 4861F12521E484860060E571 /* CDPDatePicker.m */; };
		4861F12C21E484870060E571 /* KTSelectDatePicker.m in Sources */ = {isa = PBXBuildFile; fileRef = 4861F12721E484860060E571 /* KTSelectDatePicker.m */; };
		4861F12D21E484870060E571 /* KTSelectPickerView.m in Sources */ = {isa = PBXBuildFile; fileRef = 4861F12921E484860060E571 /* KTSelectPickerView.m */; };
		4861F12E21E484870060E571 /* KTSelectPickerView.xib in Resources */ = {isa = PBXBuildFile; fileRef = 4861F12A21E484860060E571 /* KTSelectPickerView.xib */; };
		4861F13221E485890060E571 /* NSDate+Helper.m in Sources */ = {isa = PBXBuildFile; fileRef = 4861F13121E485880060E571 /* NSDate+Helper.m */; };
		4861F13521E6022A0060E571 /* UILabel+Copy.m in Sources */ = {isa = PBXBuildFile; fileRef = 4861F13421E6022A0060E571 /* UILabel+Copy.m */; };
/* End PBXBuildFile section */

/* Begin PBXFileReference section */
		4861F0F321DF971F0060E571 /* IDNoCreater.app */ = {isa = PBXFileReference; explicitFileType = wrapper.application; includeInIndex = 0; path = IDNoCreater.app; sourceTree = BUILT_PRODUCTS_DIR; };
		4861F0F621DF971F0060E571 /* AppDelegate.h */ = {isa = PBXFileReference; lastKnownFileType = sourcecode.c.h; path = AppDelegate.h; sourceTree = "<group>"; };
		4861F0F721DF971F0060E571 /* AppDelegate.m */ = {isa = PBXFileReference; lastKnownFileType = sourcecode.c.objc; path = AppDelegate.m; sourceTree = "<group>"; };
		4861F0F921DF971F0060E571 /* ViewController.h */ = {isa = PBXFileReference; lastKnownFileType = sourcecode.c.h; path = ViewController.h; sourceTree = "<group>"; };
		4861F0FA21DF971F0060E571 /* ViewController.m */ = {isa = PBXFileReference; lastKnownFileType = sourcecode.c.objc; path = ViewController.m; sourceTree = "<group>"; };
		4861F0FD21DF971F0060E571 /* Base */ = {isa = PBXFileReference; lastKnownFileType = file.storyboard; name = Base; path = Base.lproj/Main.storyboard; sourceTree = "<group>"; };
		4861F0FF21DF972B0060E571 /* Assets.xcassets */ = {isa = PBXFileReference; lastKnownFileType = folder.assetcatalog; path = Assets.xcassets; sourceTree = "<group>"; };
		4861F10221DF972B0060E571 /* Base */ = {isa = PBXFileReference; lastKnownFileType = file.storyboard; name = Base; path = Base.lproj/LaunchScreen.storyboard; sourceTree = "<group>"; };
		4861F10421DF972C0060E571 /* Info.plist */ = {isa = PBXFileReference; lastKnownFileType = text.plist.xml; path = Info.plist; sourceTree = "<group>"; };
		4861F10521DF972C0060E571 /* main.m */ = {isa = PBXFileReference; lastKnownFileType = sourcecode.c.objc; path = main.m; sourceTree = "<group>"; };
		4861F10C21DF97580060E571 /* CreateViewController.h */ = {isa = PBXFileReference; lastKnownFileType = sourcecode.c.h; path = CreateViewController.h; sourceTree = "<group>"; };
		4861F10D21DF97580060E571 /* CreateViewController.m */ = {isa = PBXFileReference; lastKnownFileType = sourcecode.c.objc; path = CreateViewController.m; sourceTree = "<group>"; };
		4861F10E21DF97580060E571 /* CreateViewController.xib */ = {isa = PBXFileReference; lastKnownFileType = file.xib; path = CreateViewController.xib; sourceTree = "<group>"; };
		4861F11121DFB9F50060E571 /* CreateTableViewCell.h */ = {isa = PBXFileReference; lastKnownFileType = sourcecode.c.h; path = CreateTableViewCell.h; sourceTree = "<group>"; };
		4861F11221DFB9F50060E571 /* CreateTableViewCell.m */ = {isa = PBXFileReference; lastKnownFileType = sourcecode.c.objc; path = CreateTableViewCell.m; sourceTree = "<group>"; };
		4861F11321DFB9F50060E571 /* CreateTableViewCell.xib */ = {isa = PBXFileReference; lastKnownFileType = file.xib; path = CreateTableViewCell.xib; sourceTree = "<group>"; };
		4861F11621DFBAB40060E571 /* CheckViewController.h */ = {isa = PBXFileReference; lastKnownFileType = sourcecode.c.h; path = CheckViewController.h; sourceTree = "<group>"; };
		4861F11721DFBAB40060E571 /* CheckViewController.m */ = {isa = PBXFileReference; lastKnownFileType = sourcecode.c.objc; path = CheckViewController.m; sourceTree = "<group>"; };
		4861F11821DFBAB40060E571 /* CheckViewController.xib */ = {isa = PBXFileReference; lastKnownFileType = file.xib; path = CheckViewController.xib; sourceTree = "<group>"; };
		4861F11B21E1889E0060E571 /* RSheetPicker.m */ = {isa = PBXFileReference; fileEncoding = 4; lastKnownFileType = sourcecode.c.objc; path = RSheetPicker.m; sourceTree = "<group>"; };
		4861F11C21E1889F0060E571 /* RSheetPicker.h */ = {isa = PBXFileReference; fileEncoding = 4; lastKnownFileType = sourcecode.c.h; path = RSheetPicker.h; sourceTree = "<group>"; };
		4861F11E21E18BE80060E571 /* area.txt */ = {isa = PBXFileReference; fileEncoding = 4; lastKnownFileType = text; path = area.txt; sourceTree = "<group>"; };
		4861F12021E18CC20060E571 /* CreateModel.h */ = {isa = PBXFileReference; lastKnownFileType = sourcecode.c.h; path = CreateModel.h; sourceTree = "<group>"; };
		4861F12121E18CC20060E571 /* CreateModel.m */ = {isa = PBXFileReference; lastKnownFileType = sourcecode.c.objc; path = CreateModel.m; sourceTree = "<group>"; };
		4861F12421E484860060E571 /* CDPDatePicker.h */ = {isa = PBXFileReference; fileEncoding = 4; lastKnownFileType = sourcecode.c.h; path = CDPDatePicker.h; sourceTree = "<group>"; };
		4861F12521E484860060E571 /* CDPDatePicker.m */ = {isa = PBXFileReference; fileEncoding = 4; lastKnownFileType = sourcecode.c.objc; path = CDPDatePicker.m; sourceTree = "<group>"; };
		4861F12621E484860060E571 /* KTSelectDatePicker.h */ = {isa = PBXFileReference; fileEncoding = 4; lastKnownFileType = sourcecode.c.h; path = KTSelectDatePicker.h; sourceTree = "<group>"; };
		4861F12721E484860060E571 /* KTSelectDatePicker.m */ = {isa = PBXFileReference; fileEncoding = 4; lastKnownFileType = sourcecode.c.objc; path = KTSelectDatePicker.m; sourceTree = "<group>"; };
		4861F12821E484860060E571 /* KTSelectPickerView.h */ = {isa = PBXFileReference; fileEncoding = 4; lastKnownFileType = sourcecode.c.h; path = KTSelectPickerView.h; sourceTree = "<group>"; };
		4861F12921E484860060E571 /* KTSelectPickerView.m */ = {isa = PBXFileReference; fileEncoding = 4; lastKnownFileType = sourcecode.c.objc; path = KTSelectPickerView.m; sourceTree = "<group>"; };
		4861F12A21E484860060E571 /* KTSelectPickerView.xib */ = {isa = PBXFileReference; fileEncoding = 4; lastKnownFileType = file.xib; path = KTSelectPickerView.xib; sourceTree = "<group>"; };
		4861F13021E485880060E571 /* NSDate+Helper.h */ = {isa = PBXFileReference; fileEncoding = 4; lastKnownFileType = sourcecode.c.h; path = "NSDate+Helper.h"; sourceTree = "<group>"; };
		4861F13121E485880060E571 /* NSDate+Helper.m */ = {isa = PBXFileReference; fileEncoding = 4; lastKnownFileType = sourcecode.c.objc; path = "NSDate+Helper.m"; sourceTree = "<group>"; };
		4861F13321E6022A0060E571 /* UILabel+Copy.h */ = {isa = PBXFileReference; lastKnownFileType = sourcecode.c.h; path = "UILabel+Copy.h"; sourceTree = "<group>"; };
		4861F13421E6022A0060E571 /* UILabel+Copy.m */ = {isa = PBXFileReference; lastKnownFileType = sourcecode.c.objc; path = "UILabel+Copy.m"; sourceTree = "<group>"; };
/* End PBXFileReference section */

/* Begin PBXFrameworksBuildPhase section */
		4861F0F021DF971F0060E571 /* Frameworks */ = {
			isa = PBXFrameworksBuildPhase;
			buildActionMask = 2147483647;
			files = (
			);
			runOnlyForDeploymentPostprocessing = 0;
		};
/* End PBXFrameworksBuildPhase section */

/* Begin PBXGroup section */
		4861F0EA21DF971F0060E571 = {
			isa = PBXGroup;
			children = (
				4861F0F521DF971F0060E571 /* IDNoCreater */,
				4861F0F421DF971F0060E571 /* Products */,
			);
			sourceTree = "<group>";
		};
		4861F0F421DF971F0060E571 /* Products */ = {
			isa = PBXGroup;
			children = (
				4861F0F321DF971F0060E571 /* IDNoCreater.app */,
			);
			name = Products;
			sourceTree = "<group>";
		};
		4861F0F521DF971F0060E571 /* IDNoCreater */ = {
			isa = PBXGroup;
			children = (
				4861F12321E484860060E571 /* 时间选择器 */,
				4861F11E21E18BE80060E571 /* area.txt */,
				4861F11C21E1889F0060E571 /* RSheetPicker.h */,
				4861F11B21E1889E0060E571 /* RSheetPicker.m */,
				4861F0F621DF971F0060E571 /* AppDelegate.h */,
				4861F0F721DF971F0060E571 /* AppDelegate.m */,
				4861F0F921DF971F0060E571 /* ViewController.h */,
				4861F0FA21DF971F0060E571 /* ViewController.m */,
				4861F0FC21DF971F0060E571 /* Main.storyboard */,
				4861F0FF21DF972B0060E571 /* Assets.xcassets */,
				4861F10121DF972B0060E571 /* LaunchScreen.storyboard */,
				4861F10421DF972C0060E571 /* Info.plist */,
				4861F10521DF972C0060E571 /* main.m */,
				4861F10C21DF97580060E571 /* CreateViewController.h */,
				4861F10D21DF97580060E571 /* CreateViewController.m */,
				4861F10E21DF97580060E571 /* CreateViewController.xib */,
				4861F11121DFB9F50060E571 /* CreateTableViewCell.h */,
				4861F11221DFB9F50060E571 /* CreateTableViewCell.m */,
				4861F11321DFB9F50060E571 /* CreateTableViewCell.xib */,
				4861F11621DFBAB40060E571 /* CheckViewController.h */,
				4861F11721DFBAB40060E571 /* CheckViewController.m */,
				4861F11821DFBAB40060E571 /* CheckViewController.xib */,
				4861F12021E18CC20060E571 /* CreateModel.h */,
				4861F12121E18CC20060E571 /* CreateModel.m */,
				4861F13321E6022A0060E571 /* UILabel+Copy.h */,
				4861F13421E6022A0060E571 /* UILabel+Copy.m */,
			);
			path = IDNoCreater;
			sourceTree = "<group>";
		};
		4861F12321E484860060E571 /* 时间选择器 */ = {
			isa = PBXGroup;
			children = (
				4861F12F21E485880060E571 /* nsdate-helper-master */,
				4861F12421E484860060E571 /* CDPDatePicker.h */,
				4861F12521E484860060E571 /* CDPDatePicker.m */,
				4861F12621E484860060E571 /* KTSelectDatePicker.h */,
				4861F12721E484860060E571 /* KTSelectDatePicker.m */,
				4861F12821E484860060E571 /* KTSelectPickerView.h */,
				4861F12921E484860060E571 /* KTSelectPickerView.m */,
				4861F12A21E484860060E571 /* KTSelectPickerView.xib */,
			);
			path = "时间选择器";
			sourceTree = "<group>";
		};
		4861F12F21E485880060E571 /* nsdate-helper-master */ = {
			isa = PBXGroup;
			children = (
				4861F13021E485880060E571 /* NSDate+Helper.h */,
				4861F13121E485880060E571 /* NSDate+Helper.m */,
			);
			path = "nsdate-helper-master";
			sourceTree = "<group>";
		};
/* End PBXGroup section */

/* Begin PBXNativeTarget section */
		4861F0F221DF971F0060E571 /* IDNoCreater */ = {
			isa = PBXNativeTarget;
			buildConfigurationList = 4861F10921DF972C0060E571 /* Build configuration list for PBXNativeTarget "IDNoCreater" */;
			buildPhases = (
				4861F0EF21DF971F0060E571 /* Sources */,
				4861F0F021DF971F0060E571 /* Frameworks */,
				4861F0F121DF971F0060E571 /* Resources */,
			);
			buildRules = (
			);
			dependencies = (
			);
			name = IDNoCreater;
			productName = IDNoCreater;
			productReference = 4861F0F321DF971F0060E571 /* IDNoCreater.app */;
			productType = "com.apple.product-type.application";
		};
/* End PBXNativeTarget section */

/* Begin PBXProject section */
		4861F0EB21DF971F0060E571 /* Project object */ = {
			isa = PBXProject;
			attributes = {
				LastUpgradeCheck = 1010;
				ORGANIZATIONNAME = "zhuang chaoxiao";
				TargetAttributes = {
					4861F0F221DF971F0060E571 = {
						CreatedOnToolsVersion = 10.1;
					};
				};
			};
			buildConfigurationList = 4861F0EE21DF971F0060E571 /* Build configuration list for PBXProject "IDNoCreater" */;
			compatibilityVersion = "Xcode 9.3";
			developmentRegion = en;
			hasScannedForEncodings = 0;
			knownRegions = (
				en,
				Base,
			);
			mainGroup = 4861F0EA21DF971F0060E571;
			productRefGroup = 4861F0F421DF971F0060E571 /* Products */;
			projectDirPath = "";
			projectRoot = "";
			targets = (
				4861F0F221DF971F0060E571 /* IDNoCreater */,
			);
		};
/* End PBXProject section */

/* Begin PBXResourcesBuildPhase section */
		4861F0F121DF971F0060E571 /* Resources */ = {
			isa = PBXResourcesBuildPhase;
			buildActionMask = 2147483647;
			files = (
				4861F11521DFB9F50060E571 /* CreateTableViewCell.xib in Resources */,
				4861F11021DF97580060E571 /* CreateViewController.xib in Resources */,
				4861F10321DF972B0060E571 /* LaunchScreen.storyboard in Resources */,
				4861F11F21E18BE80060E571 /* area.txt in Resources */,
				4861F11A21DFBAB40060E571 /* CheckViewController.xib in Resources */,
				4861F10021DF972B0060E571 /* Assets.xcassets in Resources */,
				4861F0FE21DF971F0060E571 /* Main.storyboard in Resources */,
				4861F12E21E484870060E571 /* KTSelectPickerView.xib in Resources */,
			);
			runOnlyForDeploymentPostprocessing = 0;
		};
/* End PBXResourcesBuildPhase section */

/* Begin PBXSourcesBuildPhase section */
		4861F0EF21DF971F0060E571 /* Sources */ = {
			isa = PBXSourcesBuildPhase;
			buildActionMask = 2147483647;
			files = (
				4861F13221E485890060E571 /* NSDate+Helper.m in Sources */,
				4861F12C21E484870060E571 /* KTSelectDatePicker.m in Sources */,
				4861F12B21E484870060E571 /* CDPDatePicker.m in Sources */,
				4861F10F21DF97580060E571 /* CreateViewController.m in Sources */,
				4861F11921DFBAB40060E571 /* CheckViewController.m in Sources */,
				4861F0FB21DF971F0060E571 /* ViewController.m in Sources */,
				4861F10621DF972C0060E571 /* main.m in Sources */,
				4861F0F821DF971F0060E571 /* AppDelegate.m in Sources */,
				4861F12221E18CC20060E571 /* CreateModel.m in Sources */,
				4861F11421DFB9F50060E571 /* CreateTableViewCell.m in Sources */,
				4861F11D21E1889F0060E571 /* RSheetPicker.m in Sources */,
				4861F12D21E484870060E571 /* KTSelectPickerView.m in Sources */,
				4861F13521E6022A0060E571 /* UILabel+Copy.m in Sources */,
			);
			runOnlyForDeploymentPostprocessing = 0;
		};
/* End PBXSourcesBuildPhase section */

/* Begin PBXVariantGroup section */
		4861F0FC21DF971F0060E571 /* Main.storyboard */ = {
			isa = PBXVariantGroup;
			children = (
				4861F0FD21DF971F0060E571 /* Base */,
			);
			name = Main.storyboard;
			sourceTree = "<group>";
		};
		4861F10121DF972B0060E571 /* LaunchScreen.storyboard */ = {
			isa = PBXVariantGroup;
			children = (
				4861F10221DF972B0060E571 /* Base */,
			);
			name = LaunchScreen.storyboard;
			sourceTree = "<group>";
		};
/* End PBXVariantGroup section */

/* Begin XCBuildConfiguration section */
		4861F10721DF972C0060E571 /* Debug */ = {
			isa = XCBuildConfiguration;
			buildSettings = {
				ALWAYS_SEARCH_USER_PATHS = NO;
				CLANG_ANALYZER_NONNULL = YES;
				CLANG_ANALYZER_NUMBER_OBJECT_CONVERSION = YES_AGGRESSIVE;
				CLANG_CXX_LANGUAGE_STANDARD = "gnu++14";
				CLANG_CXX_LIBRARY = "libc++";
				CLANG_ENABLE_MODULES = YES;
				CLANG_ENABLE_OBJC_ARC = YES;
				CLANG_ENABLE_OBJC_WEAK = YES;
				CLANG_WARN_BLOCK_CAPTURE_AUTORELEASING = YES;
				CLANG_WARN_BOOL_CONVERSION = YES;
				CLANG_WARN_COMMA = YES;
				CLANG_WARN_CONSTANT_CONVERSION = YES;
				CLANG_WARN_DEPRECATED_OBJC_IMPLEMENTATIONS = YES;
				CLANG_WARN_DIRECT_OBJC_ISA_USAGE = YES_ERROR;
				CLANG_WARN_DOCUMENTATION_COMMENTS = YES;
				CLANG_WARN_EMPTY_BODY = YES;
				CLANG_WARN_ENUM_CONVERSION = YES;
				CLANG_WARN_INFINITE_RECURSION = YES;
				CLANG_WARN_INT_CONVERSION = YES;
				CLANG_WARN_NON_LITERAL_NULL_CONVERSION = YES;
				CLANG_WARN_OBJC_IMPLICIT_RETAIN_SELF = YES;
				CLANG_WARN_OBJC_LITERAL_CONVERSION = YES;
				CLANG_WARN_OBJC_ROOT_CLASS = YES_ERROR;
				CLANG_WARN_RANGE_LOOP_ANALYSIS = YES;
				CLANG_WARN_STRICT_PROTOTYPES = YES;
				CLANG_WARN_SUSPICIOUS_MOVE = YES;
				CLANG_WARN_UNGUARDED_AVAILABILITY = YES_AGGRESSIVE;
				CLANG_WARN_UNREACHABLE_CODE = YES;
				CLANG_WARN__DUPLICATE_METHOD_MATCH = YES;
				CODE_SIGN_IDENTITY = "iPhone Developer";
				COPY_PHASE_STRIP = NO;
				DEBUG_INFORMATION_FORMAT = dwarf;
				ENABLE_STRICT_OBJC_MSGSEND = YES;
				ENABLE_TESTABILITY = YES;
				GCC_C_LANGUAGE_STANDARD = gnu11;
				GCC_DYNAMIC_NO_PIC = NO;
				GCC_NO_COMMON_BLOCKS = YES;
				GCC_OPTIMIZATION_LEVEL = 0;
				GCC_PREPROCESSOR_DEFINITIONS = (
					"DEBUG=1",
					"$(inherited)",
				);
				GCC_WARN_64_TO_32_BIT_CONVERSION = YES;
				GCC_WARN_ABOUT_RETURN_TYPE = YES_ERROR;
				GCC_WARN_UNDECLARED_SELECTOR = YES;
				GCC_WARN_UNINITIALIZED_AUTOS = YES_AGGRESSIVE;
				GCC_WARN_UNUSED_FUNCTION = YES;
				GCC_WARN_UNUSED_VARIABLE = YES;
				IPHONEOS_DEPLOYMENT_TARGET = 12.1;
				MTL_ENABLE_DEBUG_INFO = INCLUDE_SOURCE;
				MTL_FAST_MATH = YES;
				ONLY_ACTIVE_ARCH = YES;
				SDKROOT = iphoneos;
			};
			name = Debug;
		};
		4861F10821DF972C0060E571 /* Release */ = {
			isa = XCBuildConfiguration;
			buildSettings = {
				ALWAYS_SEARCH_USER_PATHS = NO;
				CLANG_ANALYZER_NONNULL = YES;
				CLANG_ANALYZER_NUMBER_OBJECT_CONVERSION = YES_AGGRESSIVE;
				CLANG_CXX_LANGUAGE_STANDARD = "gnu++14";
				CLANG_CXX_LIBRARY = "libc++";
				CLANG_ENABLE_MODULES = YES;
				CLANG_ENABLE_OBJC_ARC = YES;
				CLANG_ENABLE_OBJC_WEAK = YES;
				CLANG_WARN_BLOCK_CAPTURE_AUTORELEASING = YES;
				CLANG_WARN_BOOL_CONVERSION = YES;
				CLANG_WARN_COMMA = YES;
				CLANG_WARN_CONSTANT_CONVERSION = YES;
				CLANG_WARN_DEPRECATED_OBJC_IMPLEMENTATIONS = YES;
				CLANG_WARN_DIRECT_OBJC_ISA_USAGE = YES_ERROR;
				CLANG_WARN_DOCUMENTATION_COMMENTS = YES;
				CLANG_WARN_EMPTY_BODY = YES;
				CLANG_WARN_ENUM_CONVERSION = YES;
				CLANG_WARN_INFINITE_RECURSION = YES;
				CLANG_WARN_INT_CONVERSION = YES;
				CLANG_WARN_NON_LITERAL_NULL_CONVERSION = YES;
				CLANG_WARN_OBJC_IMPLICIT_RETAIN_SELF = YES;
				CLANG_WARN_OBJC_LITERAL_CONVERSION = YES;
				CLANG_WARN_OBJC_ROOT_CLASS = YES_ERROR;
				CLANG_WARN_RANGE_LOOP_ANALYSIS = YES;
				CLANG_WARN_STRICT_PROTOTYPES = YES;
				CLANG_WARN_SUSPICIOUS_MOVE = YES;
				CLANG_WARN_UNGUARDED_AVAILABILITY = YES_AGGRESSIVE;
				CLANG_WARN_UNREACHABLE_CODE = YES;
				CLANG_WARN__DUPLICATE_METHOD_MATCH = YES;
				CODE_SIGN_IDENTITY = "iPhone Developer";
				COPY_PHASE_STRIP = NO;
				DEBUG_INFORMATION_FORMAT = "dwarf-with-dsym";
				ENABLE_NS_ASSERTIONS = NO;
				ENABLE_STRICT_OBJC_MSGSEND = YES;
				GCC_C_LANGUAGE_STANDARD = gnu11;
				GCC_NO_COMMON_BLOCKS = YES;
				GCC_WARN_64_TO_32_BIT_CONVERSION = YES;
				GCC_WARN_ABOUT_RETURN_TYPE = YES_ERROR;
				GCC_WARN_UNDECLARED_SELECTOR = YES;
				GCC_WARN_UNINITIALIZED_AUTOS = YES_AGGRESSIVE;
				GCC_WARN_UNUSED_FUNCTION = YES;
				GCC_WARN_UNUSED_VARIABLE = YES;
				IPHONEOS_DEPLOYMENT_TARGET = 12.1;
				MTL_ENABLE_DEBUG_INFO = NO;
				MTL_FAST_MATH = YES;
				SDKROOT = iphoneos;
				VALIDATE_PRODUCT = YES;
			};
			name = Release;
		};
		4861F10A21DF972C0060E571 /* Debug */ = {
			isa = XCBuildConfiguration;
			buildSettings = {
				ASSETCATALOG_COMPILER_APPICON_NAME = AppIcon;
				CODE_SIGN_STYLE = Manual;
				DEVELOPMENT_TEAM = 68ZZHJ7ARV;
				INFOPLIST_FILE = IDNoCreater/Info.plist;
				IPHONEOS_DEPLOYMENT_TARGET = 9.0;
				LD_RUNPATH_SEARCH_PATHS = (
					"$(inherited)",
					"@executable_path/Frameworks",
				);
				PRODUCT_BUNDLE_IDENTIFIER = com.yanghuijuan.IDNoCreater;
				PRODUCT_NAME = "$(TARGET_NAME)";
				PROVISIONING_PROFILE_SPECIFIER = YangDev;
				TARGETED_DEVICE_FAMILY = 1;
			};
			name = Debug;
		};
		4861F10B21DF972C0060E571 /* Release */ = {
			isa = XCBuildConfiguration;
			buildSettings = {
				ASSETCATALOG_COMPILER_APPICON_NAME = AppIcon;
				CODE_SIGN_IDENTITY = "iPhone Distribution";
				CODE_SIGN_STYLE = Manual;
				DEVELOPMENT_TEAM = 68ZZHJ7ARV;
				INFOPLIST_FILE = IDNoCreater/Info.plist;
				IPHONEOS_DEPLOYMENT_TARGET = 9.0;
				LD_RUNPATH_SEARCH_PATHS = (
					"$(inherited)",
					"@executable_path/Frameworks",
				);
				PRODUCT_BUNDLE_IDENTIFIER = com.yanghuijuan.IDNoCreater;
				PRODUCT_NAME = "$(TARGET_NAME)";
				PROVISIONING_PROFILE_SPECIFIER = YangDis;
				TARGETED_DEVICE_FAMILY = 1;
			};
			name = Release;
		};
/* End XCBuildConfiguration section */

/* Begin XCConfigurationList section */
		4861F0EE21DF971F0060E571 /* Build configuration list for PBXProject "IDNoCreater" */ = {
			isa = XCConfigurationList;
			buildConfigurations = (
				4861F10721DF972C0060E571 /* Debug */,
				4861F10821DF972C0060E571 /* Release */,
			);
			defaultConfigurationIsVisible = 0;
			defaultConfigurationName = Release;
		};
		4861F10921DF972C0060E571 /* Build configuration list for PBXNativeTarget "IDNoCreater" */ = {
			isa = XCConfigurationList;
			buildConfigurations = (
				4861F10A21DF972C0060E571 /* Debug */,
				4861F10B21DF972C0060E571 /* Release */,
			);
			defaultConfigurationIsVisible = 0;
			defaultConfigurationName = Release;
		};
/* End XCConfigurationList section */
	};
	rootObject = 4861F0EB21DF971F0060E571 /* Project object */;
}
